
Microsoft Visual Studio Solution File, Format Version 12.00
# Visual Studio 14
VisualStudioVersion = 14.0.25420.1
MinimumVisualStudioVersion = 10.0.40219.1
Project("{FAE04EC0-301F-11D3-BF4B-00C04F79EFBC}") = "AplicacionEjemplo", "AplicacionEjemplo\AplicacionEjemplo\AplicacionEjemplo.csproj", "{D552A247-3B00-459F-90AC-494A13B00255}"
EndProject
Project("{FAE04EC0-301F-11D3-BF4B-00C04F79EFBC}") = "AplicacionEjemplo.Droid", "AplicacionEjemplo\AplicacionEjemplo.Droid\AplicacionEjemplo.Droid.csproj", "{FDE7C341-C0C6-4CAE-A07A-EF650643587F}"
EndProject
Project("{FAE04EC0-301F-11D3-BF4B-00C04F79EFBC}") = "AplicacionEjemplo.iOS", "AplicacionEjemplo\AplicacionEjemplo.iOS\AplicacionEjemplo.iOS.csproj", "{509F182E-F39F-4976-B467-693ECD0A2AE9}"
EndProject
Project("{FAE04EC0-301F-11D3-BF4B-00C04F79EFBC}") = "AplicacionEjemplo.WinPhone", "AplicacionEjemplo\AplicacionEjemplo.WinPhone\AplicacionEjemplo.WinPhone.csproj", "{E36139C7-3CD3-4CA4-BA6E-5453966E0E49}"
EndProject
Project("{FAE04EC0-301F-11D3-BF4B-00C04F79EFBC}") = "AplicacionEjemplo.Windows", "AplicacionEjemplo\AplicacionEjemplo.Windows\AplicacionEjemplo.Windows.csproj", "{0BFE69C7-3AAE-4025-9359-B2344E79D8C8}"
EndProject
Global
	GlobalSection(SolutionConfigurationPlatforms) = preSolution
		Ad-Hoc|Any CPU = Ad-Hoc|Any CPU
		Ad-Hoc|ARM = Ad-Hoc|ARM
		Ad-Hoc|iPhone = Ad-Hoc|iPhone
		Ad-Hoc|iPhoneSimulator = Ad-Hoc|iPhoneSimulator
		Ad-Hoc|x64 = Ad-Hoc|x64
		Ad-Hoc|x86 = Ad-Hoc|x86
		AppStore|Any CPU = AppStore|Any CPU
		AppStore|ARM = AppStore|ARM
		AppStore|iPhone = AppStore|iPhone
		AppStore|iPhoneSimulator = AppStore|iPhoneSimulator
		AppStore|x64 = AppStore|x64
		AppStore|x86 = AppStore|x86
		Debug|Any CPU = Debug|Any CPU
		Debug|ARM = Debug|ARM
		Debug|iPhone = Debug|iPhone
		Debug|iPhoneSimulator = Debug|iPhoneSimulator
		Debug|x64 = Debug|x64
		Debug|x86 = Debug|x86
		Release|Any CPU = Release|Any CPU
		Release|ARM = Release|ARM
		Release|iPhone = Release|iPhone
		Release|iPhoneSimulator = Release|iPhoneSimulator
		Release|x64 = Release|x64
		Release|x86 = Release|x86
	EndGlobalSection
	GlobalSection(ProjectConfigurationPlatforms) = postSolution
		{D552A247-3B00-459F-90AC-494A13B00255}.Ad-Hoc|Any CPU.ActiveCfg = Release|Any CPU
		{D552A247-3B00-459F-90AC-494A13B00255}.Ad-Hoc|Any CPU.Build.0 = Release|Any CPU
		{D552A247-3B00-459F-90AC-494A13B00255}.Ad-Hoc|ARM.ActiveCfg = Release|Any CPU
		{D552A247-3B00-459F-90AC-494A13B00255}.Ad-Hoc|ARM.Build.0 = Release|Any CPU
		{D552A247-3B00-459F-90AC-494A13B00255}.Ad-Hoc|iPhone.ActiveCfg = Release|Any CPU
		{D552A247-3B00-459F-90AC-494A13B00255}.Ad-Hoc|iPhone.Build.0 = Release|Any CPU
		{D552A247-3B00-459F-90AC-494A13B00255}.Ad-Hoc|iPhoneSimulator.ActiveCfg = Release|Any CPU
		{D552A247-3B00-459F-90AC-494A13B00255}.Ad-Hoc|iPhoneSimulator.Build.0 = Release|Any CPU
		{D552A247-3B00-459F-90AC-494A13B00255}.Ad-Hoc|x64.ActiveCfg = Release|Any CPU
		{D552A247-3B00-459F-90AC-494A13B00255}.Ad-Hoc|x64.Build.0 = Release|Any CPU
		{D552A247-3B00-459F-90AC-494A13B00255}.Ad-Hoc|x86.ActiveCfg = Release|Any CPU
		{D552A247-3B00-459F-90AC-494A13B00255}.Ad-Hoc|x86.Build.0 = Release|Any CPU
		{D552A247-3B00-459F-90AC-494A13B00255}.AppStore|Any CPU.ActiveCfg = Release|Any CPU
		{D552A247-3B00-459F-90AC-494A13B00255}.AppStore|Any CPU.Build.0 = Release|Any CPU
		{D552A247-3B00-459F-90AC-494A13B00255}.AppStore|ARM.ActiveCfg = Release|Any CPU
		{D552A247-3B00-459F-90AC-494A13B00255}.AppStore|ARM.Build.0 = Release|Any CPU
		{D552A247-3B00-459F-90AC-494A13B00255}.AppStore|iPhone.ActiveCfg = Release|Any CPU
		{D552A247-3B00-459F-90AC-494A13B00255}.AppStore|iPhone.Build.0 = Release|Any CPU
		{D552A247-3B00-459F-90AC-494A13B00255}.AppStore|iPhoneSimulator.ActiveCfg = Release|Any CPU
		{D552A247-3B00-459F-90AC-494A13B00255}.AppStore|iPhoneSimulator.Build.0 = Release|Any CPU
		{D552A247-3B00-459F-90AC-494A13B00255}.AppStore|x64.ActiveCfg = Release|Any CPU
		{D552A247-3B00-459F-90AC-494A13B00255}.AppStore|x64.Build.0 = Release|Any CPU
		{D552A247-3B00-459F-90AC-494A13B00255}.AppStore|x86.ActiveCfg = Release|Any CPU
		{D552A247-3B00-459F-90AC-494A13B00255}.AppStore|x86.Build.0 = Release|Any CPU
		{D552A247-3B00-459F-90AC-494A13B00255}.Debug|Any CPU.ActiveCfg = Debug|Any CPU
		{D552A247-3B00-459F-90AC-494A13B00255}.Debug|Any CPU.Build.0 = Debug|Any CPU
		{D552A247-3B00-459F-90AC-494A13B00255}.Debug|ARM.ActiveCfg = Debug|Any CPU
		{D552A247-3B00-459F-90AC-494A13B00255}.Debug|ARM.Build.0 = Debug|Any CPU
		{D552A247-3B00-459F-90AC-494A13B00255}.Debug|iPhone.ActiveCfg = Debug|Any CPU
		{D552A247-3B00-459F-90AC-494A13B00255}.Debug|iPhone.Build.0 = Debug|Any CPU
		{D552A247-3B00-459F-90AC-494A13B00255}.Debug|iPhoneSimulator.ActiveCfg = Debug|Any CPU
		{D552A247-3B00-459F-90AC-494A13B00255}.Debug|iPhoneSimulator.Build.0 = Debug|Any CPU
		{D552A247-3B00-459F-90AC-494A13B00255}.Debug|x64.ActiveCfg = Debug|Any CPU
		{D552A247-3B00-459F-90AC-494A13B00255}.Debug|x64.Build.0 = Debug|Any CPU
		{D552A247-3B00-459F-90AC-494A13B00255}.Debug|x86.ActiveCfg = Debug|Any CPU
		{D552A247-3B00-459F-90AC-494A13B00255}.Debug|x86.Build.0 = Debug|Any CPU
		{D552A247-3B00-459F-90AC-494A13B00255}.Release|Any CPU.ActiveCfg = Release|Any CPU
		{D552A247-3B00-459F-90AC-494A13B00255}.Release|Any CPU.Build.0 = Release|Any CPU
		{D552A247-3B00-459F-90AC-494A13B00255}.Release|ARM.ActiveCfg = Release|Any CPU
		{D552A247-3B00-459F-90AC-494A13B00255}.Release|ARM.Build.0 = Release|Any CPU
		{D552A247-3B00-459F-90AC-494A13B00255}.Release|iPhone.ActiveCfg = Release|Any CPU
		{D552A247-3B00-459F-90AC-494A13B00255}.Release|iPhone.Build.0 = Release|Any CPU
		{D552A247-3B00-459F-90AC-494A13B00255}.Release|iPhoneSimulator.ActiveCfg = Release|Any CPU
		{D552A247-3B00-459F-90AC-494A13B00255}.Release|iPhoneSimulator.Build.0 = Release|Any CPU
		{D552A247-3B00-459F-90AC-494A13B00255}.Release|x64.ActiveCfg = Release|Any CPU
		{D552A247-3B00-459F-90AC-494A13B00255}.Release|x64.Build.0 = Release|Any CPU
		{D552A247-3B00-459F-90AC-494A13B00255}.Release|x86.ActiveCfg = Release|Any CPU
		{D552A247-3B00-459F-90AC-494A13B00255}.Release|x86.Build.0 = Release|Any CPU
		{FDE7C341-C0C6-4CAE-A07A-EF650643587F}.Ad-Hoc|Any CPU.ActiveCfg = Release|Any CPU
		{FDE7C341-C0C6-4CAE-A07A-EF650643587F}.Ad-Hoc|Any CPU.Build.0 = Release|Any CPU
		{FDE7C341-C0C6-4CAE-A07A-EF650643587F}.Ad-Hoc|Any CPU.Deploy.0 = Release|Any CPU
		{FDE7C341-C0C6-4CAE-A07A-EF650643587F}.Ad-Hoc|ARM.ActiveCfg = Release|Any CPU
		{FDE7C341-C0C6-4CAE-A07A-EF650643587F}.Ad-Hoc|ARM.Build.0 = Release|Any CPU
		{FDE7C341-C0C6-4CAE-A07A-EF650643587F}.Ad-Hoc|ARM.Deploy.0 = Release|Any CPU
		{FDE7C341-C0C6-4CAE-A07A-EF650643587F}.Ad-Hoc|iPhone.ActiveCfg = Release|Any CPU
		{FDE7C341-C0C6-4CAE-A07A-EF650643587F}.Ad-Hoc|iPhone.Build.0 = Release|Any CPU
		{FDE7C341-C0C6-4CAE-A07A-EF650643587F}.Ad-Hoc|iPhone.Deploy.0 = Release|Any CPU
		{FDE7C341-C0C6-4CAE-A07A-EF650643587F}.Ad-Hoc|iPhoneSimulator.ActiveCfg = Release|Any CPU
		{FDE7C341-C0C6-4CAE-A07A-EF650643587F}.Ad-Hoc|iPhoneSimulator.Build.0 = Release|Any CPU
		{FDE7C341-C0C6-4CAE-A07A-EF650643587F}.Ad-Hoc|iPhoneSimulator.Deploy.0 = Release|Any CPU
		{FDE7C341-C0C6-4CAE-A07A-EF650643587F}.Ad-Hoc|x64.ActiveCfg = Release|Any CPU
		{FDE7C341-C0C6-4CAE-A07A-EF650643587F}.Ad-Hoc|x64.Build.0 = Release|Any CPU
		{FDE7C341-C0C6-4CAE-A07A-EF650643587F}.Ad-Hoc|x64.Deploy.0 = Release|Any CPU
		{FDE7C341-C0C6-4CAE-A07A-EF650643587F}.Ad-Hoc|x86.ActiveCfg = Release|Any CPU
		{FDE7C341-C0C6-4CAE-A07A-EF650643587F}.Ad-Hoc|x86.Build.0 = Release|Any CPU
		{FDE7C341-C0C6-4CAE-A07A-EF650643587F}.Ad-Hoc|x86.Deploy.0 = Release|Any CPU
		{FDE7C341-C0C6-4CAE-A07A-EF650643587F}.AppStore|Any CPU.ActiveCfg = Release|Any CPU
		{FDE7C341-C0C6-4CAE-A07A-EF650643587F}.AppStore|Any CPU.Build.0 = Release|Any CPU
		{FDE7C341-C0C6-4CAE-A07A-EF650643587F}.AppStore|Any CPU.Deploy.0 = Release|Any CPU
		{FDE7C341-C0C6-4CAE-A07A-EF650643587F}.AppStore|ARM.ActiveCfg = Release|Any CPU
		{FDE7C341-C0C6-4CAE-A07A-EF650643587F}.AppStore|ARM.Build.0 = Release|Any CPU
		{FDE7C341-C0C6-4CAE-A07A-EF650643587F}.AppStore|ARM.Deploy.0 = Release|Any CPU
		{FDE7C341-C0C6-4CAE-A07A-EF650643587F}.AppStore|iPhone.ActiveCfg = Release|Any CPU
		{FDE7C341-C0C6-4CAE-A07A-EF650643587F}.AppStore|iPhone.Build.0 = Release|Any CPU
		{FDE7C341-C0C6-4CAE-A07A-EF650643587F}.AppStore|iPhone.Deploy.0 = Release|Any CPU
		{FDE7C341-C0C6-4CAE-A07A-EF650643587F}.AppStore|iPhoneSimulator.ActiveCfg = Release|Any CPU
		{FDE7C341-C0C6-4CAE-A07A-EF650643587F}.AppStore|iPhoneSimulator.Build.0 = Release|Any CPU
		{FDE7C341-C0C6-4CAE-A07A-EF650643587F}.AppStore|iPhoneSimulator.Deploy.0 = Release|Any CPU
		{FDE7C341-C0C6-4CAE-A07A-EF650643587F}.AppStore|x64.ActiveCfg = Release|Any CPU
		{FDE7C341-C0C6-4CAE-A07A-EF650643587F}.AppStore|x64.Build.0 = Release|Any CPU
		{FDE7C341-C0C6-4CAE-A07A-EF650643587F}.AppStore|x64.Deploy.0 = Release|Any CPU
		{FDE7C341-C0C6-4CAE-A07A-EF650643587F}.AppStore|x86.ActiveCfg = Release|Any CPU
		{FDE7C341-C0C6-4CAE-A07A-EF650643587F}.AppStore|x86.Build.0 = Release|Any CPU
		{FDE7C341-C0C6-4CAE-A07A-EF650643587F}.AppStore|x86.Deploy.0 = Release|Any CPU
		{FDE7C341-C0C6-4CAE-A07A-EF650643587F}.Debug|Any CPU.ActiveCfg = Debug|Any CPU
		{FDE7C341-C0C6-4CAE-A07A-EF650643587F}.Debug|Any CPU.Build.0 = Debug|Any CPU
		{FDE7C341-C0C6-4CAE-A07A-EF650643587F}.Debug|Any CPU.Deploy.0 = Debug|Any CPU
		{FDE7C341-C0C6-4CAE-A07A-EF650643587F}.Debug|ARM.ActiveCfg = Debug|Any CPU
		{FDE7C341-C0C6-4CAE-A07A-EF650643587F}.Debug|ARM.Build.0 = Debug|Any CPU
		{FDE7C341-C0C6-4CAE-A07A-EF650643587F}.Debug|ARM.Deploy.0 = Debug|Any CPU
		{FDE7C341-C0C6-4CAE-A07A-EF650643587F}.Debug|iPhone.ActiveCfg = Debug|Any CPU
		{FDE7C341-C0C6-4CAE-A07A-EF650643587F}.Debug|iPhone.Build.0 = Debug|Any CPU
		{FDE7C341-C0C6-4CAE-A07A-EF650643587F}.Debug|iPhone.Deploy.0 = Debug|Any CPU
		{FDE7C341-C0C6-4CAE-A07A-EF650643587F}.Debug|iPhoneSimulator.ActiveCfg = Debug|Any CPU
		{FDE7C341-C0C6-4CAE-A07A-EF650643587F}.Debug|iPhoneSimulator.Build.0 = Debug|Any CPU
		{FDE7C341-C0C6-4CAE-A07A-EF650643587F}.Debug|iPhoneSimulator.Deploy.0 = Debug|Any CPU
		{FDE7C341-C0C6-4CAE-A07A-EF650643587F}.Debug|x64.ActiveCfg = Debug|Any CPU
		{FDE7C341-C0C6-4CAE-A07A-EF650643587F}.Debug|x64.Build.0 = Debug|Any CPU
		{FDE7C341-C0C6-4CAE-A07A-EF650643587F}.Debug|x64.Deploy.0 = Debug|Any CPU
		{FDE7C341-C0C6-4CAE-A07A-EF650643587F}.Debug|x86.ActiveCfg = Debug|Any CPU
		{FDE7C341-C0C6-4CAE-A07A-EF650643587F}.Debug|x86.Build.0 = Debug|Any CPU
		{FDE7C341-C0C6-4CAE-A07A-EF650643587F}.Debug|x86.Deploy.0 = Debug|Any CPU
		{FDE7C341-C0C6-4CAE-A07A-EF650643587F}.Release|Any CPU.ActiveCfg = Release|Any CPU
		{FDE7C341-C0C6-4CAE-A07A-EF650643587F}.Release|Any CPU.Build.0 = Release|Any CPU
		{FDE7C341-C0C6-4CAE-A07A-EF650643587F}.Release|Any CPU.Deploy.0 = Release|Any CPU
		{FDE7C341-C0C6-4CAE-A07A-EF650643587F}.Release|ARM.ActiveCfg = Release|Any CPU
		{FDE7C341-C0C6-4CAE-A07A-EF650643587F}.Release|ARM.Build.0 = Release|Any CPU
		{FDE7C341-C0C6-4CAE-A07A-EF650643587F}.Release|ARM.Deploy.0 = Release|Any CPU
		{FDE7C341-C0C6-4CAE-A07A-EF650643587F}.Release|iPhone.ActiveCfg = Release|Any CPU
		{FDE7C341-C0C6-4CAE-A07A-EF650643587F}.Release|iPhone.Build.0 = Release|Any CPU
		{FDE7C341-C0C6-4CAE-A07A-EF650643587F}.Release|iPhone.Deploy.0 = Release|Any CPU
		{FDE7C341-C0C6-4CAE-A07A-EF650643587F}.Release|iPhoneSimulator.ActiveCfg = Release|Any CPU
		{FDE7C341-C0C6-4CAE-A07A-EF650643587F}.Release|iPhoneSimulator.Build.0 = Release|Any CPU
		{FDE7C341-C0C6-4CAE-A07A-EF650643587F}.Release|iPhoneSimulator.Deploy.0 = Release|Any CPU
		{FDE7C341-C0C6-4CAE-A07A-EF650643587F}.Release|x64.ActiveCfg = Release|Any CPU
		{FDE7C341-C0C6-4CAE-A07A-EF650643587F}.Release|x64.Build.0 = Release|Any CPU
		{FDE7C341-C0C6-4CAE-A07A-EF650643587F}.Release|x64.Deploy.0 = Release|Any CPU
		{FDE7C341-C0C6-4CAE-A07A-EF650643587F}.Release|x86.ActiveCfg = Release|Any CPU
		{FDE7C341-C0C6-4CAE-A07A-EF650643587F}.Release|x86.Build.0 = Release|Any CPU
		{FDE7C341-C0C6-4CAE-A07A-EF650643587F}.Release|x86.Deploy.0 = Release|Any CPU
		{509F182E-F39F-4976-B467-693ECD0A2AE9}.Ad-Hoc|Any CPU.ActiveCfg = Ad-Hoc|iPhone
		{509F182E-F39F-4976-B467-693ECD0A2AE9}.Ad-Hoc|ARM.ActiveCfg = Ad-Hoc|iPhone
		{509F182E-F39F-4976-B467-693ECD0A2AE9}.Ad-Hoc|iPhone.ActiveCfg = Ad-Hoc|iPhone
		{509F182E-F39F-4976-B467-693ECD0A2AE9}.Ad-Hoc|iPhone.Build.0 = Ad-Hoc|iPhone
		{509F182E-F39F-4976-B467-693ECD0A2AE9}.Ad-Hoc|iPhoneSimulator.ActiveCfg = Ad-Hoc|iPhoneSimulator
		{509F182E-F39F-4976-B467-693ECD0A2AE9}.Ad-Hoc|iPhoneSimulator.Build.0 = Ad-Hoc|iPhoneSimulator
		{509F182E-F39F-4976-B467-693ECD0A2AE9}.Ad-Hoc|x64.ActiveCfg = Ad-Hoc|iPhone
		{509F182E-F39F-4976-B467-693ECD0A2AE9}.Ad-Hoc|x86.ActiveCfg = Ad-Hoc|iPhone
		{509F182E-F39F-4976-B467-693ECD0A2AE9}.AppStore|Any CPU.ActiveCfg = AppStore|iPhone
		{509F182E-F39F-4976-B467-693ECD0A2AE9}.AppStore|ARM.ActiveCfg = AppStore|iPhone
		{509F182E-F39F-4976-B467-693ECD0A2AE9}.AppStore|iPhone.ActiveCfg = AppStore|iPhone
		{509F182E-F39F-4976-B467-693ECD0A2AE9}.AppStore|iPhone.Build.0 = AppStore|iPhone
		{509F182E-F39F-4976-B467-693ECD0A2AE9}.AppStore|iPhoneSimulator.ActiveCfg = AppStore|iPhoneSimulator
		{509F182E-F39F-4976-B467-693ECD0A2AE9}.AppStore|iPhoneSimulator.Build.0 = AppStore|iPhoneSimulator
		{509F182E-F39F-4976-B467-693ECD0A2AE9}.AppStore|x64.ActiveCfg = AppStore|iPhone
		{509F182E-F39F-4976-B467-693ECD0A2AE9}.AppStore|x86.ActiveCfg = AppStore|iPhone
		{509F182E-F39F-4976-B467-693ECD0A2AE9}.Debug|Any CPU.ActiveCfg = Debug|iPhone
		{509F182E-F39F-4976-B467-693ECD0A2AE9}.Debug|ARM.ActiveCfg = Debug|iPhone
		{509F182E-F39F-4976-B467-693ECD0A2AE9}.Debug|iPhone.ActiveCfg = Debug|iPhone
		{509F182E-F39F-4976-B467-693ECD0A2AE9}.Debug|iPhone.Build.0 = Debug|iPhone
		{509F182E-F39F-4976-B467-693ECD0A2AE9}.Debug|iPhoneSimulator.ActiveCfg = Debug|iPhoneSimulator
		{509F182E-F39F-4976-B467-693ECD0A2AE9}.Debug|iPhoneSimulator.Build.0 = Debug|iPhoneSimulator
		{509F182E-F39F-4976-B467-693ECD0A2AE9}.Debug|x64.ActiveCfg = Debug|iPhone
		{509F182E-F39F-4976-B467-693ECD0A2AE9}.Debug|x86.ActiveCfg = Debug|iPhone
		{509F182E-F39F-4976-B467-693ECD0A2AE9}.Release|Any CPU.ActiveCfg = Release|iPhone
		{509F182E-F39F-4976-B467-693ECD0A2AE9}.Release|ARM.ActiveCfg = Release|iPhone
		{509F182E-F39F-4976-B467-693ECD0A2AE9}.Release|iPhone.ActiveCfg = Release|iPhone
		{509F182E-F39F-4976-B467-693ECD0A2AE9}.Release|iPhone.Build.0 = Release|iPhone
		{509F182E-F39F-4976-B467-693ECD0A2AE9}.Release|iPhoneSimulator.ActiveCfg = Release|iPhoneSimulator
		{509F182E-F39F-4976-B467-693ECD0A2AE9}.Release|iPhoneSimulator.Build.0 = Release|iPhoneSimulator
		{509F182E-F39F-4976-B467-693ECD0A2AE9}.Release|x64.ActiveCfg = Release|iPhone
		{509F182E-F39F-4976-B467-693ECD0A2AE9}.Release|x86.ActiveCfg = Release|iPhone
		{E36139C7-3CD3-4CA4-BA6E-5453966E0E49}.Ad-Hoc|Any CPU.ActiveCfg = Release|Any CPU
		{E36139C7-3CD3-4CA4-BA6E-5453966E0E49}.Ad-Hoc|Any CPU.Build.0 = Release|Any CPU
		{E36139C7-3CD3-4CA4-BA6E-5453966E0E49}.Ad-Hoc|Any CPU.Deploy.0 = Release|Any CPU
		{E36139C7-3CD3-4CA4-BA6E-5453966E0E49}.Ad-Hoc|ARM.ActiveCfg = Release|ARM
		{E36139C7-3CD3-4CA4-BA6E-5453966E0E49}.Ad-Hoc|ARM.Build.0 = Release|ARM
		{E36139C7-3CD3-4CA4-BA6E-5453966E0E49}.Ad-Hoc|ARM.Deploy.0 = Release|ARM
		{E36139C7-3CD3-4CA4-BA6E-5453966E0E49}.Ad-Hoc|iPhone.ActiveCfg = Release|Any CPU
		{E36139C7-3CD3-4CA4-BA6E-5453966E0E49}.Ad-Hoc|iPhone.Build.0 = Release|Any CPU
		{E36139C7-3CD3-4CA4-BA6E-5453966E0E49}.Ad-Hoc|iPhone.Deploy.0 = Release|Any CPU
		{E36139C7-3CD3-4CA4-BA6E-5453966E0E49}.Ad-Hoc|iPhoneSimulator.ActiveCfg = Release|Any CPU
		{E36139C7-3CD3-4CA4-BA6E-5453966E0E49}.Ad-Hoc|iPhoneSimulator.Build.0 = Release|Any CPU
		{E36139C7-3CD3-4CA4-BA6E-5453966E0E49}.Ad-Hoc|iPhoneSimulator.Deploy.0 = Release|Any CPU
		{E36139C7-3CD3-4CA4-BA6E-5453966E0E49}.Ad-Hoc|x64.ActiveCfg = Release|Any CPU
		{E36139C7-3CD3-4CA4-BA6E-5453966E0E49}.Ad-Hoc|x86.ActiveCfg = Release|x86
		{E36139C7-3CD3-4CA4-BA6E-5453966E0E49}.Ad-Hoc|x86.Build.0 = Release|x86
		{E36139C7-3CD3-4CA4-BA6E-5453966E0E49}.Ad-Hoc|x86.Deploy.0 = Release|x86
		{E36139C7-3CD3-4CA4-BA6E-5453966E0E49}.AppStore|Any CPU.ActiveCfg = Release|Any CPU
		{E36139C7-3CD3-4CA4-BA6E-5453966E0E49}.AppStore|Any CPU.Build.0 = Release|Any CPU
		{E36139C7-3CD3-4CA4-BA6E-5453966E0E49}.AppStore|Any CPU.Deploy.0 = Release|Any CPU
		{E36139C7-3CD3-4CA4-BA6E-5453966E0E49}.AppStore|ARM.ActiveCfg = Release|ARM
		{E36139C7-3CD3-4CA4-BA6E-5453966E0E49}.AppStore|ARM.Build.0 = Release|ARM
		{E36139C7-3CD3-4CA4-BA6E-5453966E0E49}.AppStore|ARM.Deploy.0 = Release|ARM
		{E36139C7-3CD3-4CA4-BA6E-5453966E0E49}.AppStore|iPhone.ActiveCfg = Release|Any CPU
		{E36139C7-3CD3-4CA4-BA6E-5453966E0E49}.AppStore|iPhone.Build.0 = Release|Any CPU
		{E36139C7-3CD3-4CA4-BA6E-5453966E0E49}.AppStore|iPhone.Deploy.0 = Release|Any CPU
		{E36139C7-3CD3-4CA4-BA6E-5453966E0E49}.AppStore|iPhoneSimulator.ActiveCfg = Release|Any CPU
		{E36139C7-3CD3-4CA4-BA6E-5453966E0E49}.AppStore|iPhoneSimulator.Build.0 = Release|Any CPU
		{E36139C7-3CD3-4CA4-BA6E-5453966E0E49}.AppStore|iPhoneSimulator.Deploy.0 = Release|Any CPU
		{E36139C7-3CD3-4CA4-BA6E-5453966E0E49}.AppStore|x64.ActiveCfg = Release|Any CPU
		{E36139C7-3CD3-4CA4-BA6E-5453966E0E49}.AppStore|x86.ActiveCfg = Release|x86
		{E36139C7-3CD3-4CA4-BA6E-5453966E0E49}.AppStore|x86.Build.0 = Release|x86
		{E36139C7-3CD3-4CA4-BA6E-5453966E0E49}.AppStore|x86.Deploy.0 = Release|x86
		{E36139C7-3CD3-4CA4-BA6E-5453966E0E49}.Debug|Any CPU.ActiveCfg = Debug|Any CPU
		{E36139C7-3CD3-4CA4-BA6E-5453966E0E49}.Debug|Any CPU.Build.0 = Debug|Any CPU
		{E36139C7-3CD3-4CA4-BA6E-5453966E0E49}.Debug|Any CPU.Deploy.0 = Debug|Any CPU
		{E36139C7-3CD3-4CA4-BA6E-5453966E0E49}.Debug|ARM.ActiveCfg = Debug|ARM
		{E36139C7-3CD3-4CA4-BA6E-5453966E0E49}.Debug|ARM.Build.0 = Debug|ARM
		{E36139C7-3CD3-4CA4-BA6E-5453966E0E49}.Debug|ARM.Deploy.0 = Debug|ARM
		{E36139C7-3CD3-4CA4-BA6E-5453966E0E49}.Debug|iPhone.ActiveCfg = Debug|Any CPU
		{E36139C7-3CD3-4CA4-BA6E-5453966E0E49}.Debug|iPhone.Build.0 = Debug|Any CPU
		{E36139C7-3CD3-4CA4-BA6E-5453966E0E49}.Debug|iPhone.Deploy.0 = Debug|Any CPU
		{E36139C7-3CD3-4CA4-BA6E-5453966E0E49}.Debug|iPhoneSimulator.ActiveCfg = Debug|Any CPU
		{E36139C7-3CD3-4CA4-BA6E-5453966E0E49}.Debug|iPhoneSimulator.Build.0 = Debug|Any CPU
		{E36139C7-3CD3-4CA4-BA6E-5453966E0E49}.Debug|iPhoneSimulator.Deploy.0 = Debug|Any CPU
		{E36139C7-3CD3-4CA4-BA6E-5453966E0E49}.Debug|x64.ActiveCfg = Debug|Any CPU
		{E36139C7-3CD3-4CA4-BA6E-5453966E0E49}.Debug|x86.ActiveCfg = Debug|x86
		{E36139C7-3CD3-4CA4-BA6E-5453966E0E49}.Debug|x86.Build.0 = Debug|x86
		{E36139C7-3CD3-4CA4-BA6E-5453966E0E49}.Debug|x86.Deploy.0 = Debug|x86
		{E36139C7-3CD3-4CA4-BA6E-5453966E0E49}.Release|Any CPU.ActiveCfg = Release|Any CPU
		{E36139C7-3CD3-4CA4-BA6E-5453966E0E49}.Release|Any CPU.Build.0 = Release|Any CPU
		{E36139C7-3CD3-4CA4-BA6E-5453966E0E49}.Release|Any CPU.Deploy.0 = Release|Any CPU
		{E36139C7-3CD3-4CA4-BA6E-5453966E0E49}.Release|ARM.ActiveCfg = Release|ARM
		{E36139C7-3CD3-4CA4-BA6E-5453966E0E49}.Release|ARM.Build.0 = Release|ARM
		{E36139C7-3CD3-4CA4-BA6E-5453966E0E49}.Release|ARM.Deploy.0 = Release|ARM
		{E36139C7-3CD3-4CA4-BA6E-5453966E0E49}.Release|iPhone.ActiveCfg = Release|Any CPU
		{E36139C7-3CD3-4CA4-BA6E-5453966E0E49}.Release|iPhone.Build.0 = Release|Any CPU
		{E36139C7-3CD3-4CA4-BA6E-5453966E0E49}.Release|iPhone.Deploy.0 = Release|Any CPU
		{E36139C7-3CD3-4CA4-BA6E-5453966E0E49}.Release|iPhoneSimulator.ActiveCfg = Release|Any CPU
		{E36139C7-3CD3-4CA4-BA6E-5453966E0E49}.Release|iPhoneSimulator.Build.0 = Release|Any CPU
		{E36139C7-3CD3-4CA4-BA6E-5453966E0E49}.Release|iPhoneSimulator.Deploy.0 = Release|Any CPU
		{E36139C7-3CD3-4CA4-BA6E-5453966E0E49}.Release|x64.ActiveCfg = Release|Any CPU
		{E36139C7-3CD3-4CA4-BA6E-5453966E0E49}.Release|x86.ActiveCfg = Release|x86
		{E36139C7-3CD3-4CA4-BA6E-5453966E0E49}.Release|x86.Build.0 = Release|x86
		{E36139C7-3CD3-4CA4-BA6E-5453966E0E49}.Release|x86.Deploy.0 = Release|x86
		{0BFE69C7-3AAE-4025-9359-B2344E79D8C8}.Ad-Hoc|Any CPU.ActiveCfg = Release|Any CPU
		{0BFE69C7-3AAE-4025-9359-B2344E79D8C8}.Ad-Hoc|Any CPU.Build.0 = Release|Any CPU
		{0BFE69C7-3AAE-4025-9359-B2344E79D8C8}.Ad-Hoc|Any CPU.Deploy.0 = Release|Any CPU
		{0BFE69C7-3AAE-4025-9359-B2344E79D8C8}.Ad-Hoc|ARM.ActiveCfg = Release|ARM
		{0BFE69C7-3AAE-4025-9359-B2344E79D8C8}.Ad-Hoc|ARM.Build.0 = Release|ARM
		{0BFE69C7-3AAE-4025-9359-B2344E79D8C8}.Ad-Hoc|ARM.Deploy.0 = Release|ARM
		{0BFE69C7-3AAE-4025-9359-B2344E79D8C8}.Ad-Hoc|iPhone.ActiveCfg = Release|Any CPU
		{0BFE69C7-3AAE-4025-9359-B2344E79D8C8}.Ad-Hoc|iPhone.Build.0 = Release|Any CPU
		{0BFE69C7-3AAE-4025-9359-B2344E79D8C8}.Ad-Hoc|iPhone.Deploy.0 = Release|Any CPU
		{0BFE69C7-3AAE-4025-9359-B2344E79D8C8}.Ad-Hoc|iPhoneSimulator.ActiveCfg = Release|Any CPU
		{0BFE69C7-3AAE-4025-9359-B2344E79D8C8}.Ad-Hoc|iPhoneSimulator.Build.0 = Release|Any CPU
		{0BFE69C7-3AAE-4025-9359-B2344E79D8C8}.Ad-Hoc|iPhoneSimulator.Deploy.0 = Release|Any CPU
		{0BFE69C7-3AAE-4025-9359-B2344E79D8C8}.Ad-Hoc|x64.ActiveCfg = Release|x64
		{0BFE69C7-3AAE-4025-9359-B2344E79D8C8}.Ad-Hoc|x64.Build.0 = Release|x64
		{0BFE69C7-3AAE-4025-9359-B2344E79D8C8}.Ad-Hoc|x64.Deploy.0 = Release|x64
		{0BFE69C7-3AAE-4025-9359-B2344E79D8C8}.Ad-Hoc|x86.ActiveCfg = Release|x86
		{0BFE69C7-3AAE-4025-9359-B2344E79D8C8}.Ad-Hoc|x86.Build.0 = Release|x86
		{0BFE69C7-3AAE-4025-9359-B2344E79D8C8}.Ad-Hoc|x86.Deploy.0 = Release|x86
		{0BFE69C7-3AAE-4025-9359-B2344E79D8C8}.AppStore|Any CPU.ActiveCfg = Release|Any CPU
		{0BFE69C7-3AAE-4025-9359-B2344E79D8C8}.AppStore|Any CPU.Build.0 = Release|Any CPU
		{0BFE69C7-3AAE-4025-9359-B2344E79D8C8}.AppStore|Any CPU.Deploy.0 = Release|Any CPU
		{0BFE69C7-3AAE-4025-9359-B2344E79D8C8}.AppStore|ARM.ActiveCfg = Release|ARM
		{0BFE69C7-3AAE-4025-9359-B2344E79D8C8}.AppStore|ARM.Build.0 = Release|ARM
		{0BFE69C7-3AAE-4025-9359-B2344E79D8C8}.AppStore|ARM.Deploy.0 = Release|ARM
		{0BFE69C7-3AAE-4025-9359-B2344E79D8C8}.AppStore|iPhone.ActiveCfg = Release|Any CPU
		{0BFE69C7-3AAE-4025-9359-B2344E79D8C8}.AppStore|iPhone.Build.0 = Release|Any CPU
		{0BFE69C7-3AAE-4025-9359-B2344E79D8C8}.AppStore|iPhone.Deploy.0 = Release|Any CPU
		{0BFE69C7-3AAE-4025-9359-B2344E79D8C8}.AppStore|iPhoneSimulator.ActiveCfg = Release|Any CPU
		{0BFE69C7-3AAE-4025-9359-B2344E79D8C8}.AppStore|iPhoneSimulator.Build.0 = Release|Any CPU
		{0BFE69C7-3AAE-4025-9359-B2344E79D8C8}.AppStore|iPhoneSimulator.Deploy.0 = Release|Any CPU
		{0BFE69C7-3AAE-4025-9359-B2344E79D8C8}.AppStore|x64.ActiveCfg = Release|x64
		{0BFE69C7-3AAE-4025-9359-B2344E79D8C8}.AppStore|x64.Build.0 = Release|x64
		{0BFE69C7-3AAE-4025-9359-B2344E79D8C8}.AppStore|x64.Deploy.0 = Release|x64
		{0BFE69C7-3AAE-4025-9359-B2344E79D8C8}.AppStore|x86.ActiveCfg = Release|x86
		{0BFE69C7-3AAE-4025-9359-B2344E79D8C8}.AppStore|x86.Build.0 = Release|x86
		{0BFE69C7-3AAE-4025-9359-B2344E79D8C8}.AppStore|x86.Deploy.0 = Release|x86
		{0BFE69C7-3AAE-4025-9359-B2344E79D8C8}.Debug|Any CPU.ActiveCfg = Debug|Any CPU
		{0BFE69C7-3AAE-4025-9359-B2344E79D8C8}.Debug|Any CPU.Build.0 = Debug|Any CPU
		{0BFE69C7-3AAE-4025-9359-B2344E79D8C8}.Debug|Any CPU.Deploy.0 = Debug|Any CPU
		{0BFE69C7-3AAE-4025-9359-B2344E79D8C8}.Debug|ARM.ActiveCfg = Debug|ARM
		{0BFE69C7-3AAE-4025-9359-B2344E79D8C8}.Debug|ARM.Build.0 = Debug|ARM
		{0BFE69C7-3AAE-4025-9359-B2344E79D8C8}.Debug|ARM.Deploy.0 = Debug|ARM
		{0BFE69C7-3AAE-4025-9359-B2344E79D8C8}.Debug|iPhone.ActiveCfg = Debug|Any CPU
		{0BFE69C7-3AAE-4025-9359-B2344E79D8C8}.Debug|iPhone.Build.0 = Debug|Any CPU
		{0BFE69C7-3AAE-4025-9359-B2344E79D8C8}.Debug|iPhone.Deploy.0 = Debug|Any CPU
		{0BFE69C7-3AAE-4025-9359-B2344E79D8C8}.Debug|iPhoneSimulator.ActiveCfg = Debug|Any CPU
		{0BFE69C7-3AAE-4025-9359-B2344E79D8C8}.Debug|iPhoneSimulator.Build.0 = Debug|Any CPU
		{0BFE69C7-3AAE-4025-9359-B2344E79D8C8}.Debug|iPhoneSimulator.Deploy.0 = Debug|Any CPU
		{0BFE69C7-3AAE-4025-9359-B2344E79D8C8}.Debug|x64.ActiveCfg = Debug|x64
		{0BFE69C7-3AAE-4025-9359-B2344E79D8C8}.Debug|x64.Build.0 = Debug|x64
		{0BFE69C7-3AAE-4025-9359-B2344E79D8C8}.Debug|x64.Deploy.0 = Debug|x64
		{0BFE69C7-3AAE-4025-9359-B2344E79D8C8}.Debug|x86.ActiveCfg = Debug|x86
		{0BFE69C7-3AAE-4025-9359-B2344E79D8C8}.Debug|x86.Build.0 = Debug|x86
		{0BFE69C7-3AAE-4025-9359-B2344E79D8C8}.Debug|x86.Deploy.0 = Debug|x86
		{0BFE69C7-3AAE-4025-9359-B2344E79D8C8}.Release|Any CPU.ActiveCfg = Release|Any CPU
		{0BFE69C7-3AAE-4025-9359-B2344E79D8C8}.Release|Any CPU.Build.0 = Release|Any CPU
		{0BFE69C7-3AAE-4025-9359-B2344E79D8C8}.Release|Any CPU.Deploy.0 = Release|Any CPU
		{0BFE69C7-3AAE-4025-9359-B2344E79D8C8}.Release|ARM.ActiveCfg = Release|ARM
		{0BFE69C7-3AAE-4025-9359-B2344E79D8C8}.Release|ARM.Build.0 = Release|ARM
		{0BFE69C7-3AAE-4025-9359-B2344E79D8C8}.Release|ARM.Deploy.0 = Release|ARM
		{0BFE69C7-3AAE-4025-9359-B2344E79D8C8}.Release|iPhone.ActiveCfg = Release|Any CPU
		{0BFE69C7-3AAE-4025-9359-B2344E79D8C8}.Release|iPhone.Build.0 = Release|Any CPU
		{0BFE69C7-3AAE-4025-9359-B2344E79D8C8}.Release|iPhone.Deploy.0 = Release|Any CPU
		{0BFE69C7-3AAE-4025-9359-B2344E79D8C8}.Release|iPhoneSimulator.ActiveCfg = Release|Any CPU
		{0BFE69C7-3AAE-4025-9359-B2344E79D8C8}.Release|iPhoneSimulator.Build.0 = Release|Any CPU
		{0BFE69C7-3AAE-4025-9359-B2344E79D8C8}.Release|iPhoneSimulator.Deploy.0 = Release|Any CPU
		{0BFE69C7-3AAE-4025-9359-B2344E79D8C8}.Release|x64.ActiveCfg = Release|x64
		{0BFE69C7-3AAE-4025-9359-B2344E79D8C8}.Release|x64.Build.0 = Release|x64
		{0BFE69C7-3AAE-4025-9359-B2344E79D8C8}.Release|x64.Deploy.0 = Release|x64
		{0BFE69C7-3AAE-4025-9359-B2344E79D8C8}.Release|x86.ActiveCfg = Release|x86
		{0BFE69C7-3AAE-4025-9359-B2344E79D8C8}.Release|x86.Build.0 = Release|x86
		{0BFE69C7-3AAE-4025-9359-B2344E79D8C8}.Release|x86.Deploy.0 = Release|x86
	EndGlobalSection
	GlobalSection(SolutionProperties) = preSolution
		HideSolutionNode = FALSE
	EndGlobalSection
EndGlobal
